%{"bcrypt": {:git, "https://github.com/smarkets/erlang-bcrypt.git", "f98feb6804c83dcb649c4826f204587097d40739", [tag: "0.5.0"]},
  "combine": {:hex, :combine, "0.7.0"},
  "con_cache": {:hex, :con_cache, "0.10.0"},
  "connection": {:hex, :connection, "1.0.2"},
  "cpg": {:hex, :cpg, "1.5.1"},
  "dbl": {:git, "ssh://git@phabricator.highlands.tiny-mesh.com/diffusion/DBL/dbl.git", "6b72aa1fa577d0b7077e2507beaa6398326d202e", [branch: "dbl-mongodb"]},
  "email": {:git, "https://github.com/kivra/email.git", "9d7009532cf03099dee68bd141b1edae40e15c0f", [tag: "0.1.3"]},
  "eredis": {:hex, :eredis, "1.0.8"},
  "erlpass": {:git, "https://github.com/ferd/erlpass.git", "4344571268728f0a52910880f65f3bb94108541a", [tag: "0.1.4"]},
  "exactor": {:hex, :exactor, "2.2.0"},
  "exquery": {:git, "https://github.com/lafka/exquery.git", "522f23df045a1f5ebb372691ddb6fec233b335f7", []},
  "exredis": {:hex, :exredis, "0.2.3"},
  "hackney": {:hex, :hackney, "1.3.2"},
  "httpoison": {:hex, :httpoison, "0.7.4"},
  "idna": {:hex, :idna, "1.0.2"},
  "meck": {:git, "https://github.com/eproxus/meck.git", "dde759050eff19a1a80fd854d7375174b191665d", [tag: "0.8.2"]},
  "monad": {:hex, :monad, "1.0.5"},
  "mongodb": {:hex, :mongodb, "0.1.1"},
  "poolboy": {:hex, :poolboy, "1.5.1"},
  "quickrand": {:hex, :quickrand, "1.5.1"},
  "reltool_util": {:hex, :reltool_util, "1.5.1"},
  "ssl_verify_hostname": {:hex, :ssl_verify_hostname, "1.0.5"},
  "timex": {:git, "https://github.com/lafka/timex.git", "b596f120f23df94ecd9e42a5948022fed02ec286", [branch: "lafka-to_timestamp-ms"]},
  "tinymesh": {:git, "https://github.com/tinymesh/tm-proto-elixir.git", "3ccad4bca1dad6bd752ac42a11da358720070f05", [branch: "master"]},
  "toniq": {:git, "https://github.com/lafka/toniq.git", "67869ce7ea8c9baf365fa803da24cbbb98b286a2", [branch: "lafka-inject-uri"]},
  "trie": {:hex, :trie, "1.5.1"},
  "tzdata": {:hex, :tzdata, "0.5.6"},
  "uuid": {:hex, :uuid, "1.1.2"}}
